// !$*UTF8*$!
{
	archiveVersion = 1;
	classes = {
	};
	objectVersion = 46;
	objects = {

/* Begin PBXAggregateTarget section */
		82CAFD070FEDD57400CCDC7E /* Distribution */ = {
			isa = PBXAggregateTarget;
			buildConfigurationList = 82CAFD170FEDD58500CCDC7E /* Build configuration list for PBXAggregateTarget "Distribution" */;
			buildPhases = (
				82CAFD250FEDD5CD00CCDC7E /* CopyFiles */,
				82CAFD060FEDD57400CCDC7E /* ShellScript */,
			);
			dependencies = (
				82CAFD0B0FEDD57B00CCDC7E /* PBXTargetDependency */,
			);
			name = Distribution;
			productName = Distribution;
		};
		82D815AB0F1D882B00EF8CF5 /* Build & Install VisualBoyAdvance */ = {
			isa = PBXAggregateTarget;
			buildConfigurationList = 82D815B90F1D883D00EF8CF5 /* Build configuration list for PBXAggregateTarget "Build & Install VisualBoyAdvance" */;
			buildPhases = (
				82D815AA0F1D882B00EF8CF5 /* ShellScript */,
			);
			dependencies = (
				82D815AF0F1D883500EF8CF5 /* PBXTargetDependency */,
			);
			name = "Build & Install VisualBoyAdvance";
			productName = "Build & Install";
		};
/* End PBXAggregateTarget section */

/* Begin PBXBuildFile section */
		3720DB5A0F19519D00744A9A /* VisualBoyAdvance.icns in Resources */ = {isa = PBXBuildFile; fileRef = 3720DB590F19519D00744A9A /* VisualBoyAdvance.icns */; };
		82CAFD020FEDD54000CCDC7E /* dsa_pub.pem in Resources */ = {isa = PBXBuildFile; fileRef = 82CAFD010FEDD54000CCDC7E /* dsa_pub.pem */; };
		82CAFD1E0FEDD5B300CCDC7E /* config.yaml in CopyFiles */ = {isa = PBXBuildFile; fileRef = 82CAFD030FEDD54800CCDC7E /* config.yaml */; };
		82EA60570F514D8C008E18C5 /* OpenEmuBase.framework in Frameworks */ = {isa = PBXBuildFile; fileRef = 82EA60550F514D80008E18C5 /* OpenEmuBase.framework */; settings = {ATTRIBUTES = (Required, ); }; };
		82EC409F0FD9EC420017FC19 /* libz.dylib in Frameworks */ = {isa = PBXBuildFile; fileRef = 82EC409E0FD9EC420017FC19 /* libz.dylib */; };
		82EC40A30FD9EC5A0017FC19 /* GBAGameEmu.mm in Sources */ = {isa = PBXBuildFile; fileRef = B5008DAE0E8BFB3E005AECAF /* GBAGameEmu.mm */; };
		82EC40A40FD9EC5D0017FC19 /* GBAGameController.m in Sources */ = {isa = PBXBuildFile; fileRef = C63E6C7A0FCDA5D6009C8555 /* GBAGameController.m */; };
		8D5B49B0048680CD000E48DA /* InfoPlist.strings in Resources */ = {isa = PBXBuildFile; fileRef = 089C167DFE841241C02AAC07 /* InfoPlist.strings */; };
		8D5B49B4048680CD000E48DA /* Cocoa.framework in Frameworks */ = {isa = PBXBuildFile; fileRef = 1058C7ADFEA557BF11CA2CBB /* Cocoa.framework */; };
		942175A914DE7F5400272D60 /* gbaconv.c in Sources */ = {isa = PBXBuildFile; fileRef = 9421754A14DE7F5400272D60 /* gbaconv.c */; };
		942175AA14DE7F5400272D60 /* libsnes.cpp in Sources */ = {isa = PBXBuildFile; fileRef = 9421754B14DE7F5400272D60 /* libsnes.cpp */; };
		942175AB14DE7F5400272D60 /* Sound_Buffer.cpp in Sources */ = {isa = PBXBuildFile; fileRef = 9421755414DE7F5400272D60 /* Sound_Buffer.cpp */; };
		942175AC14DE7F5400272D60 /* memgzio.c in Sources */ = {isa = PBXBuildFile; fileRef = 9421755714DE7F5400272D60 /* memgzio.c */; };
		942175AD14DE7F5400272D60 /* Patch.cpp in Sources */ = {isa = PBXBuildFile; fileRef = 9421755914DE7F5400272D60 /* Patch.cpp */; };
		942175AE14DE7F5400272D60 /* GB.cpp in Sources */ = {isa = PBXBuildFile; fileRef = 9421755E14DE7F5400272D60 /* GB.cpp */; };
		942175AF14DE7F5400272D60 /* gbCheats.cpp in Sources */ = {isa = PBXBuildFile; fileRef = 9421756014DE7F5400272D60 /* gbCheats.cpp */; };
		942175B014DE7F5400272D60 /* gbDis.cpp in Sources */ = {isa = PBXBuildFile; fileRef = 9421756414DE7F5400272D60 /* gbDis.cpp */; };
		942175B114DE7F5400272D60 /* gbGfx.cpp in Sources */ = {isa = PBXBuildFile; fileRef = 9421756514DE7F5400272D60 /* gbGfx.cpp */; };
		942175B214DE7F5400272D60 /* gbGlobals.cpp in Sources */ = {isa = PBXBuildFile; fileRef = 9421756614DE7F5400272D60 /* gbGlobals.cpp */; };
		942175B314DE7F5400272D60 /* gbMemory.cpp in Sources */ = {isa = PBXBuildFile; fileRef = 9421756814DE7F5400272D60 /* gbMemory.cpp */; };
		942175B414DE7F5400272D60 /* gbPrinter.cpp in Sources */ = {isa = PBXBuildFile; fileRef = 9421756A14DE7F5400272D60 /* gbPrinter.cpp */; };
		942175B514DE7F5400272D60 /* gbSGB.cpp in Sources */ = {isa = PBXBuildFile; fileRef = 9421756C14DE7F5400272D60 /* gbSGB.cpp */; };
		942175B614DE7F5400272D60 /* gbSound.cpp in Sources */ = {isa = PBXBuildFile; fileRef = 9421756E14DE7F5400272D60 /* gbSound.cpp */; };
		942175B714DE7F5400272D60 /* Cheats.cpp in Sources */ = {isa = PBXBuildFile; fileRef = 9421757214DE7F5400272D60 /* Cheats.cpp */; };
		942175B814DE7F5400272D60 /* EEprom.cpp in Sources */ = {isa = PBXBuildFile; fileRef = 9421757414DE7F5400272D60 /* EEprom.cpp */; };
		942175B914DE7F5400272D60 /* Flash.cpp in Sources */ = {isa = PBXBuildFile; fileRef = 9421757614DE7F5400272D60 /* Flash.cpp */; };
		942175BA14DE7F5400272D60 /* GBA.cpp in Sources */ = {isa = PBXBuildFile; fileRef = 9421757A14DE7F5400272D60 /* GBA.cpp */; };
		942175BB14DE7F5400272D60 /* RTC.cpp in Sources */ = {isa = PBXBuildFile; fileRef = 9421758014DE7F5400272D60 /* RTC.cpp */; };
		942175BC14DE7F5400272D60 /* Sound.cpp in Sources */ = {isa = PBXBuildFile; fileRef = 9421758214DE7F5400272D60 /* Sound.cpp */; };
		942175BD14DE7F5400272D60 /* Sram.cpp in Sources */ = {isa = PBXBuildFile; fileRef = 9421758414DE7F5400272D60 /* Sram.cpp */; };
		942175BE14DE7F5400272D60 /* Util.cpp in Sources */ = {isa = PBXBuildFile; fileRef = 9421758814DE7F5400272D60 /* Util.cpp */; };
		942175BF14DE7F5400272D60 /* adler32.c in Sources */ = {isa = PBXBuildFile; fileRef = 9421758D14DE7F5400272D60 /* adler32.c */; };
		942175C014DE7F5400272D60 /* compress.c in Sources */ = {isa = PBXBuildFile; fileRef = 9421758E14DE7F5400272D60 /* compress.c */; };
		942175C114DE7F5400272D60 /* crc32.c in Sources */ = {isa = PBXBuildFile; fileRef = 9421758F14DE7F5400272D60 /* crc32.c */; };
		942175C214DE7F5400272D60 /* deflate.c in Sources */ = {isa = PBXBuildFile; fileRef = 9421759114DE7F5400272D60 /* deflate.c */; };
		942175C314DE7F5400272D60 /* gzclose.c in Sources */ = {isa = PBXBuildFile; fileRef = 9421759314DE7F5400272D60 /* gzclose.c */; };
		942175C414DE7F5400272D60 /* gzlib.c in Sources */ = {isa = PBXBuildFile; fileRef = 9421759514DE7F5400272D60 /* gzlib.c */; };
		942175C514DE7F5400272D60 /* gzread.c in Sources */ = {isa = PBXBuildFile; fileRef = 9421759614DE7F5400272D60 /* gzread.c */; };
		942175C614DE7F5400272D60 /* gzwrite.c in Sources */ = {isa = PBXBuildFile; fileRef = 9421759714DE7F5400272D60 /* gzwrite.c */; };
		942175C714DE7F5400272D60 /* infback.c in Sources */ = {isa = PBXBuildFile; fileRef = 9421759814DE7F5400272D60 /* infback.c */; };
		942175C814DE7F5400272D60 /* inffast.c in Sources */ = {isa = PBXBuildFile; fileRef = 9421759914DE7F5400272D60 /* inffast.c */; };
		942175C914DE7F5400272D60 /* inflate.c in Sources */ = {isa = PBXBuildFile; fileRef = 9421759C14DE7F5400272D60 /* inflate.c */; };
		942175CA14DE7F5400272D60 /* inftrees.c in Sources */ = {isa = PBXBuildFile; fileRef = 9421759E14DE7F5400272D60 /* inftrees.c */; };
		942175CB14DE7F5400272D60 /* readme.txt in Resources */ = {isa = PBXBuildFile; fileRef = 942175A014DE7F5400272D60 /* readme.txt */; };
		942175CC14DE7F5400272D60 /* trees.c in Sources */ = {isa = PBXBuildFile; fileRef = 942175A114DE7F5400272D60 /* trees.c */; };
		942175CD14DE7F5400272D60 /* uncompr.c in Sources */ = {isa = PBXBuildFile; fileRef = 942175A314DE7F5400272D60 /* uncompr.c */; };
		942175CE14DE7F5400272D60 /* zlib.txt in Resources */ = {isa = PBXBuildFile; fileRef = 942175A614DE7F5400272D60 /* zlib.txt */; };
		942175CF14DE7F5400272D60 /* zutil.c in Sources */ = {isa = PBXBuildFile; fileRef = 942175A714DE7F5400272D60 /* zutil.c */; };
		C63E6CCE0FCDABEF009C8555 /* gba.png in Resources */ = {isa = PBXBuildFile; fileRef = C63E6CCD0FCDABEF009C8555 /* gba.png */; };
		C6C71E4A0FCDE25F002FAC4D /* ControlsPreference.xib in Resources */ = {isa = PBXBuildFile; fileRef = C63E6C640FCDA565009C8555 /* ControlsPreference.xib */; };
/* End PBXBuildFile section */

/* Begin PBXContainerItemProxy section */
		378394E41029257000168304 /* PBXContainerItemProxy */ = {
			isa = PBXContainerItemProxy;
			containerPortal = 82EA60480F514D80008E18C5 /* OpenEmu.xcodeproj */;
			proxyType = 2;
			remoteGlobalIDString = 3887A7F61024D1F9000FC4CF;
			remoteInfo = OESaveStateQLPlugin;
		};
		82CAFD0A0FEDD57B00CCDC7E /* PBXContainerItemProxy */ = {
			isa = PBXContainerItemProxy;
			containerPortal = 089C1669FE841209C02AAC07 /* Project object */;
			proxyType = 1;
			remoteGlobalIDString = 8D5B49AC048680CD000E48DA;
			remoteInfo = VisualBoyAdvance;
		};
		82D815AE0F1D883500EF8CF5 /* PBXContainerItemProxy */ = {
			isa = PBXContainerItemProxy;
			containerPortal = 089C1669FE841209C02AAC07 /* Project object */;
			proxyType = 1;
			remoteGlobalIDString = 8D5B49AC048680CD000E48DA;
			remoteInfo = VisualBoyAdvance;
		};
		82EA60500F514D80008E18C5 /* PBXContainerItemProxy */ = {
			isa = PBXContainerItemProxy;
			containerPortal = 82EA60480F514D80008E18C5 /* OpenEmu.xcodeproj */;
			proxyType = 2;
			remoteGlobalIDString = 8D15AC370486D014006FF6A4;
			remoteInfo = OpenEmu;
		};
		82EA60540F514D80008E18C5 /* PBXContainerItemProxy */ = {
			isa = PBXContainerItemProxy;
			containerPortal = 82EA60480F514D80008E18C5 /* OpenEmu.xcodeproj */;
			proxyType = 2;
			remoteGlobalIDString = 82444BA10F51256C007C171B;
			remoteInfo = OpenEmuBase;
		};
		8390474B14597FE200335E4F /* PBXContainerItemProxy */ = {
			isa = PBXContainerItemProxy;
			containerPortal = 82EA60480F514D80008E18C5 /* OpenEmu.xcodeproj */;
			proxyType = 2;
			remoteGlobalIDString = 1415540F1442B3B300A01683;
			remoteInfo = N64;
		};
		9410978514C7E93F00539163 /* PBXContainerItemProxy */ = {
			isa = PBXContainerItemProxy;
			containerPortal = 82EA60480F514D80008E18C5 /* OpenEmu.xcodeproj */;
			proxyType = 2;
			remoteGlobalIDString = 8227754F148946DF00B19E27;
			remoteInfo = GameGear;
		};
		C62A2649116F094C0003DEE4 /* PBXContainerItemProxy */ = {
			isa = PBXContainerItemProxy;
			containerPortal = 82EA60480F514D80008E18C5 /* OpenEmu.xcodeproj */;
			proxyType = 2;
			remoteGlobalIDString = 1BEF2A9411682A530090F72B;
			remoteInfo = OpenEmuHelperApp;
		};
		C646575813771F4F002A4F70 /* PBXContainerItemProxy */ = {
			isa = PBXContainerItemProxy;
			containerPortal = 82EA60480F514D80008E18C5 /* OpenEmu.xcodeproj */;
			proxyType = 2;
			remoteGlobalIDString = C646574813771F12002A4F70;
			remoteInfo = "GameBoy Advance";
		};
		C6B948FF13651ACD00A425F0 /* PBXContainerItemProxy */ = {
			isa = PBXContainerItemProxy;
			containerPortal = 82EA60480F514D80008E18C5 /* OpenEmu.xcodeproj */;
			proxyType = 2;
			remoteGlobalIDString = C6711807136367240034379A;
			remoteInfo = OpenEmuSystem;
		};
		C6B9490113651ACD00A425F0 /* PBXContainerItemProxy */ = {
			isa = PBXContainerItemProxy;
			containerPortal = 82EA60480F514D80008E18C5 /* OpenEmu.xcodeproj */;
			proxyType = 2;
			remoteGlobalIDString = C671180F136368330034379A;
			remoteInfo = SegaMasterSystem;
		};
		C6B9490313651ACD00A425F0 /* PBXContainerItemProxy */ = {
			isa = PBXContainerItemProxy;
			containerPortal = 82EA60480F514D80008E18C5 /* OpenEmu.xcodeproj */;
			proxyType = 2;
			remoteGlobalIDString = C64BB08D136478E600C1AB23;
			remoteInfo = NES;
		};
		C6B9490513651ACD00A425F0 /* PBXContainerItemProxy */ = {
			isa = PBXContainerItemProxy;
			containerPortal = 82EA60480F514D80008E18C5 /* OpenEmu.xcodeproj */;
			proxyType = 2;
			remoteGlobalIDString = C6480FC113648F670094FA33;
			remoteInfo = SuperNES;
		};
		C6B9490713651ACD00A425F0 /* PBXContainerItemProxy */ = {
			isa = PBXContainerItemProxy;
			containerPortal = 82EA60480F514D80008E18C5 /* OpenEmu.xcodeproj */;
			proxyType = 2;
			remoteGlobalIDString = C6B947AF1364ECA600A425F0;
			remoteInfo = GameBoy;
		};
		C6B9490913651ACD00A425F0 /* PBXContainerItemProxy */ = {
			isa = PBXContainerItemProxy;
			containerPortal = 82EA60480F514D80008E18C5 /* OpenEmu.xcodeproj */;
			proxyType = 2;
			remoteGlobalIDString = C6B947E61365080B00A425F0;
			remoteInfo = Genesis;
		};
		C6B9E3FC14841AC400836111 /* PBXContainerItemProxy */ = {
			isa = PBXContainerItemProxy;
			containerPortal = 82EA60480F514D80008E18C5 /* OpenEmu.xcodeproj */;
			proxyType = 2;
			remoteGlobalIDString = 820EB74A1483F9A2008EC398;
			remoteInfo = NeoGeoPocket;
		};
		C6E916860FD34D5800AC2CCC /* PBXContainerItemProxy */ = {
			isa = PBXContainerItemProxy;
			containerPortal = 82EA60480F514D80008E18C5 /* OpenEmu.xcodeproj */;
			proxyType = 1;
			remoteGlobalIDString = 82444BA00F51256C007C171B;
			remoteInfo = OpenEmuBase;
		};
/* End PBXContainerItemProxy section */

/* Begin PBXCopyFilesBuildPhase section */
		82CAFD250FEDD5CD00CCDC7E /* CopyFiles */ = {
			isa = PBXCopyFilesBuildPhase;
			buildActionMask = 2147483647;
			dstPath = "";
			dstSubfolderSpec = 16;
			files = (
				82CAFD1E0FEDD5B300CCDC7E /* config.yaml in CopyFiles */,
			);
			runOnlyForDeploymentPostprocessing = 0;
		};
/* End PBXCopyFilesBuildPhase section */

/* Begin PBXFileReference section */
		089C1672FE841209C02AAC07 /* Foundation.framework */ = {isa = PBXFileReference; lastKnownFileType = wrapper.framework; name = Foundation.framework; path = /System/Library/Frameworks/Foundation.framework; sourceTree = "<absolute>"; };
		089C167EFE841241C02AAC07 /* English */ = {isa = PBXFileReference; fileEncoding = 10; lastKnownFileType = text.plist.strings; name = English; path = English.lproj/InfoPlist.strings; sourceTree = "<group>"; };
		089C167FFE841241C02AAC07 /* AppKit.framework */ = {isa = PBXFileReference; lastKnownFileType = wrapper.framework; name = AppKit.framework; path = /System/Library/Frameworks/AppKit.framework; sourceTree = "<absolute>"; };
		1058C7ADFEA557BF11CA2CBB /* Cocoa.framework */ = {isa = PBXFileReference; lastKnownFileType = wrapper.framework; name = Cocoa.framework; path = /System/Library/Frameworks/Cocoa.framework; sourceTree = "<absolute>"; };
		32DBCF630370AF2F00C91783 /* VisualBoyAdvance_Prefix.pch */ = {isa = PBXFileReference; fileEncoding = 4; lastKnownFileType = sourcecode.c.h; path = VisualBoyAdvance_Prefix.pch; sourceTree = "<group>"; };
		3720DB590F19519D00744A9A /* VisualBoyAdvance.icns */ = {isa = PBXFileReference; lastKnownFileType = image.icns; path = VisualBoyAdvance.icns; sourceTree = "<group>"; };
		82CAFD010FEDD54000CCDC7E /* dsa_pub.pem */ = {isa = PBXFileReference; fileEncoding = 4; lastKnownFileType = text; path = dsa_pub.pem; sourceTree = "<group>"; };
		82CAFD030FEDD54800CCDC7E /* config.yaml */ = {isa = PBXFileReference; fileEncoding = 4; lastKnownFileType = text; path = config.yaml; sourceTree = "<group>"; };
		82EA60480F514D80008E18C5 /* OpenEmu.xcodeproj */ = {isa = PBXFileReference; lastKnownFileType = "wrapper.pb-project"; name = OpenEmu.xcodeproj; path = ../OpenEmu/OpenEmu.xcodeproj; sourceTree = SOURCE_ROOT; };
		82EC409E0FD9EC420017FC19 /* libz.dylib */ = {isa = PBXFileReference; lastKnownFileType = "compiled.mach-o.dylib"; name = libz.dylib; path = usr/lib/libz.dylib; sourceTree = SDKROOT; };
		8D5B49B6048680CD000E48DA /* VisualBoyAdvance.oecoreplugin */ = {isa = PBXFileReference; explicitFileType = wrapper.cfbundle; includeInIndex = 0; path = VisualBoyAdvance.oecoreplugin; sourceTree = BUILT_PRODUCTS_DIR; };
		8D5B49B7048680CD000E48DA /* Info.plist */ = {isa = PBXFileReference; fileEncoding = 4; lastKnownFileType = text.plist.xml; path = Info.plist; sourceTree = "<group>"; };
		9421754A14DE7F5400272D60 /* gbaconv.c */ = {isa = PBXFileReference; fileEncoding = 4; lastKnownFileType = sourcecode.c.c; path = gbaconv.c; sourceTree = "<group>"; };
		9421754B14DE7F5400272D60 /* libsnes.cpp */ = {isa = PBXFileReference; fileEncoding = 4; lastKnownFileType = sourcecode.cpp.cpp; path = libsnes.cpp; sourceTree = "<group>"; };
		9421754C14DE7F5400272D60 /* libsnes.hpp */ = {isa = PBXFileReference; fileEncoding = 4; lastKnownFileType = sourcecode.cpp.h; path = libsnes.hpp; sourceTree = "<group>"; };
		9421754F14DE7F5400272D60 /* blargg_common.h */ = {isa = PBXFileReference; fileEncoding = 4; lastKnownFileType = sourcecode.c.h; path = blargg_common.h; sourceTree = "<group>"; };
		9421755014DE7F5400272D60 /* Gb_Apu.h */ = {isa = PBXFileReference; fileEncoding = 4; lastKnownFileType = sourcecode.c.h; path = Gb_Apu.h; sourceTree = "<group>"; };
		9421755114DE7F5400272D60 /* Gb_Apu_.h */ = {isa = PBXFileReference; fileEncoding = 4; lastKnownFileType = sourcecode.c.h; path = Gb_Apu_.h; sourceTree = "<group>"; };
		9421755214DE7F5400272D60 /* Gb_Oscs.h */ = {isa = PBXFileReference; fileEncoding = 4; lastKnownFileType = sourcecode.c.h; path = Gb_Oscs.h; sourceTree = "<group>"; };
		9421755314DE7F5400272D60 /* Gb_Oscs_.h */ = {isa = PBXFileReference; fileEncoding = 4; lastKnownFileType = sourcecode.c.h; path = Gb_Oscs_.h; sourceTree = "<group>"; };
		9421755414DE7F5400272D60 /* Sound_Buffer.cpp */ = {isa = PBXFileReference; fileEncoding = 4; lastKnownFileType = sourcecode.cpp.cpp; path = Sound_Buffer.cpp; sourceTree = "<group>"; };
		9421755514DE7F5400272D60 /* Sound_Buffer.h */ = {isa = PBXFileReference; fileEncoding = 4; lastKnownFileType = sourcecode.c.h; path = Sound_Buffer.h; sourceTree = "<group>"; };
		9421755714DE7F5400272D60 /* memgzio.c */ = {isa = PBXFileReference; fileEncoding = 4; lastKnownFileType = sourcecode.c.c; path = memgzio.c; sourceTree = "<group>"; };
		9421755814DE7F5400272D60 /* memgzio.h */ = {isa = PBXFileReference; fileEncoding = 4; lastKnownFileType = sourcecode.c.h; path = memgzio.h; sourceTree = "<group>"; };
		9421755914DE7F5400272D60 /* Patch.cpp */ = {isa = PBXFileReference; fileEncoding = 4; lastKnownFileType = sourcecode.cpp.cpp; path = Patch.cpp; sourceTree = "<group>"; };
		9421755A14DE7F5400272D60 /* Patch.h */ = {isa = PBXFileReference; fileEncoding = 4; lastKnownFileType = sourcecode.c.h; path = Patch.h; sourceTree = "<group>"; };
		9421755B14DE7F5400272D60 /* Port.h */ = {isa = PBXFileReference; fileEncoding = 4; lastKnownFileType = sourcecode.c.h; path = Port.h; sourceTree = "<group>"; };
		9421755C14DE7F5400272D60 /* Types.h */ = {isa = PBXFileReference; fileEncoding = 4; lastKnownFileType = sourcecode.c.h; path = Types.h; sourceTree = "<group>"; };
		9421755E14DE7F5400272D60 /* GB.cpp */ = {isa = PBXFileReference; fileEncoding = 4; lastKnownFileType = sourcecode.cpp.cpp; path = GB.cpp; sourceTree = "<group>"; };
		9421755F14DE7F5400272D60 /* gb.h */ = {isa = PBXFileReference; fileEncoding = 4; lastKnownFileType = sourcecode.c.h; path = gb.h; sourceTree = "<group>"; };
		9421756014DE7F5400272D60 /* gbCheats.cpp */ = {isa = PBXFileReference; fileEncoding = 4; lastKnownFileType = sourcecode.cpp.cpp; path = gbCheats.cpp; sourceTree = "<group>"; };
		9421756114DE7F5400272D60 /* gbCheats.h */ = {isa = PBXFileReference; fileEncoding = 4; lastKnownFileType = sourcecode.c.h; path = gbCheats.h; sourceTree = "<group>"; };
		9421756214DE7F5400272D60 /* gbCodes.h */ = {isa = PBXFileReference; fileEncoding = 4; lastKnownFileType = sourcecode.c.h; path = gbCodes.h; sourceTree = "<group>"; };
		9421756314DE7F5400272D60 /* gbCodesCB.h */ = {isa = PBXFileReference; fileEncoding = 4; lastKnownFileType = sourcecode.c.h; path = gbCodesCB.h; sourceTree = "<group>"; };
		9421756414DE7F5400272D60 /* gbDis.cpp */ = {isa = PBXFileReference; fileEncoding = 4; lastKnownFileType = sourcecode.cpp.cpp; path = gbDis.cpp; sourceTree = "<group>"; };
		9421756514DE7F5400272D60 /* gbGfx.cpp */ = {isa = PBXFileReference; fileEncoding = 4; lastKnownFileType = sourcecode.cpp.cpp; path = gbGfx.cpp; sourceTree = "<group>"; };
		9421756614DE7F5400272D60 /* gbGlobals.cpp */ = {isa = PBXFileReference; fileEncoding = 4; lastKnownFileType = sourcecode.cpp.cpp; path = gbGlobals.cpp; sourceTree = "<group>"; };
		9421756714DE7F5400272D60 /* gbGlobals.h */ = {isa = PBXFileReference; fileEncoding = 4; lastKnownFileType = sourcecode.c.h; path = gbGlobals.h; sourceTree = "<group>"; };
		9421756814DE7F5400272D60 /* gbMemory.cpp */ = {isa = PBXFileReference; fileEncoding = 4; lastKnownFileType = sourcecode.cpp.cpp; path = gbMemory.cpp; sourceTree = "<group>"; };
		9421756914DE7F5400272D60 /* gbMemory.h */ = {isa = PBXFileReference; fileEncoding = 4; lastKnownFileType = sourcecode.c.h; path = gbMemory.h; sourceTree = "<group>"; };
		9421756A14DE7F5400272D60 /* gbPrinter.cpp */ = {isa = PBXFileReference; fileEncoding = 4; lastKnownFileType = sourcecode.cpp.cpp; path = gbPrinter.cpp; sourceTree = "<group>"; };
		9421756B14DE7F5400272D60 /* gbPrinter.h */ = {isa = PBXFileReference; fileEncoding = 4; lastKnownFileType = sourcecode.c.h; path = gbPrinter.h; sourceTree = "<group>"; };
		9421756C14DE7F5400272D60 /* gbSGB.cpp */ = {isa = PBXFileReference; fileEncoding = 4; lastKnownFileType = sourcecode.cpp.cpp; path = gbSGB.cpp; sourceTree = "<group>"; };
		9421756D14DE7F5400272D60 /* gbSGB.h */ = {isa = PBXFileReference; fileEncoding = 4; lastKnownFileType = sourcecode.c.h; path = gbSGB.h; sourceTree = "<group>"; };
		9421756E14DE7F5400272D60 /* gbSound.cpp */ = {isa = PBXFileReference; fileEncoding = 4; lastKnownFileType = sourcecode.cpp.cpp; path = gbSound.cpp; sourceTree = "<group>"; };
		9421756F14DE7F5400272D60 /* gbSound.h */ = {isa = PBXFileReference; fileEncoding = 4; lastKnownFileType = sourcecode.c.h; path = gbSound.h; sourceTree = "<group>"; };
		9421757114DE7F5400272D60 /* bios_.h */ = {isa = PBXFileReference; fileEncoding = 4; lastKnownFileType = sourcecode.c.h; path = bios_.h; sourceTree = "<group>"; };
		9421757214DE7F5400272D60 /* Cheats.cpp */ = {isa = PBXFileReference; fileEncoding = 4; lastKnownFileType = sourcecode.cpp.cpp; path = Cheats.cpp; sourceTree = "<group>"; };
		9421757314DE7F5400272D60 /* Cheats.h */ = {isa = PBXFileReference; fileEncoding = 4; lastKnownFileType = sourcecode.c.h; path = Cheats.h; sourceTree = "<group>"; };
		9421757414DE7F5400272D60 /* EEprom.cpp */ = {isa = PBXFileReference; fileEncoding = 4; lastKnownFileType = sourcecode.cpp.cpp; path = EEprom.cpp; sourceTree = "<group>"; };
		9421757514DE7F5400272D60 /* EEprom.h */ = {isa = PBXFileReference; fileEncoding = 4; lastKnownFileType = sourcecode.c.h; path = EEprom.h; sourceTree = "<group>"; };
		9421757614DE7F5400272D60 /* Flash.cpp */ = {isa = PBXFileReference; fileEncoding = 4; lastKnownFileType = sourcecode.cpp.cpp; path = Flash.cpp; sourceTree = "<group>"; };
		9421757714DE7F5400272D60 /* Flash.h */ = {isa = PBXFileReference; fileEncoding = 4; lastKnownFileType = sourcecode.c.h; path = Flash.h; sourceTree = "<group>"; };
		9421757814DE7F5400272D60 /* GBA-arm_.h */ = {isa = PBXFileReference; fileEncoding = 4; lastKnownFileType = sourcecode.c.h; path = "GBA-arm_.h"; sourceTree = "<group>"; };
		9421757914DE7F5400272D60 /* GBA-thumb_.h */ = {isa = PBXFileReference; fileEncoding = 4; lastKnownFileType = sourcecode.c.h; path = "GBA-thumb_.h"; sourceTree = "<group>"; };
		9421757A14DE7F5400272D60 /* GBA.cpp */ = {isa = PBXFileReference; fileEncoding = 4; lastKnownFileType = sourcecode.cpp.cpp; path = GBA.cpp; sourceTree = "<group>"; };
		9421757B14DE7F5400272D60 /* GBA.h */ = {isa = PBXFileReference; fileEncoding = 4; lastKnownFileType = sourcecode.c.h; path = GBA.h; sourceTree = "<group>"; };
		9421757C14DE7F5400272D60 /* GBAcpu.h */ = {isa = PBXFileReference; fileEncoding = 4; lastKnownFileType = sourcecode.c.h; path = GBAcpu.h; sourceTree = "<group>"; };
		9421757D14DE7F5400272D60 /* GBAGfx.h */ = {isa = PBXFileReference; fileEncoding = 4; lastKnownFileType = sourcecode.c.h; path = GBAGfx.h; sourceTree = "<group>"; };
		9421757E14DE7F5400272D60 /* GBAinline.h */ = {isa = PBXFileReference; fileEncoding = 4; lastKnownFileType = sourcecode.c.h; path = GBAinline.h; sourceTree = "<group>"; };
		9421757F14DE7F5400272D60 /* Globals.h */ = {isa = PBXFileReference; fileEncoding = 4; lastKnownFileType = sourcecode.c.h; path = Globals.h; sourceTree = "<group>"; };
		9421758014DE7F5400272D60 /* RTC.cpp */ = {isa = PBXFileReference; fileEncoding = 4; lastKnownFileType = sourcecode.cpp.cpp; path = RTC.cpp; sourceTree = "<group>"; };
		9421758114DE7F5400272D60 /* RTC.h */ = {isa = PBXFileReference; fileEncoding = 4; lastKnownFileType = sourcecode.c.h; path = RTC.h; sourceTree = "<group>"; };
		9421758214DE7F5400272D60 /* Sound.cpp */ = {isa = PBXFileReference; fileEncoding = 4; lastKnownFileType = sourcecode.cpp.cpp; path = Sound.cpp; sourceTree = "<group>"; };
		9421758314DE7F5400272D60 /* Sound.h */ = {isa = PBXFileReference; fileEncoding = 4; lastKnownFileType = sourcecode.c.h; path = Sound.h; sourceTree = "<group>"; };
		9421758414DE7F5400272D60 /* Sram.cpp */ = {isa = PBXFileReference; fileEncoding = 4; lastKnownFileType = sourcecode.cpp.cpp; path = Sram.cpp; sourceTree = "<group>"; };
		9421758514DE7F5400272D60 /* Sram.h */ = {isa = PBXFileReference; fileEncoding = 4; lastKnownFileType = sourcecode.c.h; path = Sram.h; sourceTree = "<group>"; };
		9421758614DE7F5400272D60 /* NLS.h */ = {isa = PBXFileReference; fileEncoding = 4; lastKnownFileType = sourcecode.c.h; path = NLS.h; sourceTree = "<group>"; };
		9421758714DE7F5400272D60 /* System.h */ = {isa = PBXFileReference; fileEncoding = 4; lastKnownFileType = sourcecode.c.h; path = System.h; sourceTree = "<group>"; };
		9421758814DE7F5400272D60 /* Util.cpp */ = {isa = PBXFileReference; fileEncoding = 4; lastKnownFileType = sourcecode.cpp.cpp; path = Util.cpp; sourceTree = "<group>"; };
		9421758914DE7F5400272D60 /* Util.h */ = {isa = PBXFileReference; fileEncoding = 4; lastKnownFileType = sourcecode.c.h; path = Util.h; sourceTree = "<group>"; };
		9421758A14DE7F5400272D60 /* VbaNext.h */ = {isa = PBXFileReference; fileEncoding = 4; lastKnownFileType = sourcecode.c.h; path = VbaNext.h; sourceTree = "<group>"; };
		9421758D14DE7F5400272D60 /* adler32.c */ = {isa = PBXFileReference; fileEncoding = 4; lastKnownFileType = sourcecode.c.c; path = adler32.c; sourceTree = "<group>"; };
		9421758E14DE7F5400272D60 /* compress.c */ = {isa = PBXFileReference; fileEncoding = 4; lastKnownFileType = sourcecode.c.c; path = compress.c; sourceTree = "<group>"; };
		9421758F14DE7F5400272D60 /* crc32.c */ = {isa = PBXFileReference; fileEncoding = 4; lastKnownFileType = sourcecode.c.c; path = crc32.c; sourceTree = "<group>"; };
		9421759014DE7F5400272D60 /* crc32.h */ = {isa = PBXFileReference; fileEncoding = 4; lastKnownFileType = sourcecode.c.h; path = crc32.h; sourceTree = "<group>"; };
		9421759114DE7F5400272D60 /* deflate.c */ = {isa = PBXFileReference; fileEncoding = 4; lastKnownFileType = sourcecode.c.c; path = deflate.c; sourceTree = "<group>"; };
		9421759214DE7F5400272D60 /* deflate.h */ = {isa = PBXFileReference; fileEncoding = 4; lastKnownFileType = sourcecode.c.h; path = deflate.h; sourceTree = "<group>"; };
		9421759314DE7F5400272D60 /* gzclose.c */ = {isa = PBXFileReference; fileEncoding = 4; lastKnownFileType = sourcecode.c.c; path = gzclose.c; sourceTree = "<group>"; };
		9421759414DE7F5400272D60 /* gzguts.h */ = {isa = PBXFileReference; fileEncoding = 4; lastKnownFileType = sourcecode.c.h; path = gzguts.h; sourceTree = "<group>"; };
		9421759514DE7F5400272D60 /* gzlib.c */ = {isa = PBXFileReference; fileEncoding = 4; lastKnownFileType = sourcecode.c.c; path = gzlib.c; sourceTree = "<group>"; };
		9421759614DE7F5400272D60 /* gzread.c */ = {isa = PBXFileReference; fileEncoding = 4; lastKnownFileType = sourcecode.c.c; path = gzread.c; sourceTree = "<group>"; };
		9421759714DE7F5400272D60 /* gzwrite.c */ = {isa = PBXFileReference; fileEncoding = 4; lastKnownFileType = sourcecode.c.c; path = gzwrite.c; sourceTree = "<group>"; };
		9421759814DE7F5400272D60 /* infback.c */ = {isa = PBXFileReference; fileEncoding = 4; lastKnownFileType = sourcecode.c.c; path = infback.c; sourceTree = "<group>"; };
		9421759914DE7F5400272D60 /* inffast.c */ = {isa = PBXFileReference; fileEncoding = 4; lastKnownFileType = sourcecode.c.c; path = inffast.c; sourceTree = "<group>"; };
		9421759A14DE7F5400272D60 /* inffast.h */ = {isa = PBXFileReference; fileEncoding = 4; lastKnownFileType = sourcecode.c.h; path = inffast.h; sourceTree = "<group>"; };
		9421759B14DE7F5400272D60 /* inffixed.h */ = {isa = PBXFileReference; fileEncoding = 4; lastKnownFileType = sourcecode.c.h; path = inffixed.h; sourceTree = "<group>"; };
		9421759C14DE7F5400272D60 /* inflate.c */ = {isa = PBXFileReference; fileEncoding = 4; lastKnownFileType = sourcecode.c.c; path = inflate.c; sourceTree = "<group>"; };
		9421759D14DE7F5400272D60 /* inflate.h */ = {isa = PBXFileReference; fileEncoding = 4; lastKnownFileType = sourcecode.c.h; path = inflate.h; sourceTree = "<group>"; };
		9421759E14DE7F5400272D60 /* inftrees.c */ = {isa = PBXFileReference; fileEncoding = 4; lastKnownFileType = sourcecode.c.c; path = inftrees.c; sourceTree = "<group>"; };
		9421759F14DE7F5400272D60 /* inftrees.h */ = {isa = PBXFileReference; fileEncoding = 4; lastKnownFileType = sourcecode.c.h; path = inftrees.h; sourceTree = "<group>"; };
		942175A014DE7F5400272D60 /* readme.txt */ = {isa = PBXFileReference; fileEncoding = 4; lastKnownFileType = text; path = readme.txt; sourceTree = "<group>"; };
		942175A114DE7F5400272D60 /* trees.c */ = {isa = PBXFileReference; fileEncoding = 4; lastKnownFileType = sourcecode.c.c; path = trees.c; sourceTree = "<group>"; };
		942175A214DE7F5400272D60 /* trees.h */ = {isa = PBXFileReference; fileEncoding = 4; lastKnownFileType = sourcecode.c.h; path = trees.h; sourceTree = "<group>"; };
		942175A314DE7F5400272D60 /* uncompr.c */ = {isa = PBXFileReference; fileEncoding = 4; lastKnownFileType = sourcecode.c.c; path = uncompr.c; sourceTree = "<group>"; };
		942175A414DE7F5400272D60 /* zconf.h */ = {isa = PBXFileReference; fileEncoding = 4; lastKnownFileType = sourcecode.c.h; path = zconf.h; sourceTree = "<group>"; };
		942175A514DE7F5400272D60 /* zlib.h */ = {isa = PBXFileReference; fileEncoding = 4; lastKnownFileType = sourcecode.c.h; path = zlib.h; sourceTree = "<group>"; };
		942175A614DE7F5400272D60 /* zlib.txt */ = {isa = PBXFileReference; fileEncoding = 4; lastKnownFileType = text; path = zlib.txt; sourceTree = "<group>"; };
		942175A714DE7F5400272D60 /* zutil.c */ = {isa = PBXFileReference; fileEncoding = 4; lastKnownFileType = sourcecode.c.c; path = zutil.c; sourceTree = "<group>"; };
		942175A814DE7F5400272D60 /* zutil.h */ = {isa = PBXFileReference; fileEncoding = 4; lastKnownFileType = sourcecode.c.h; path = zutil.h; sourceTree = "<group>"; };
		945A9FAF14D79645005EDA34 /* OEGBASystemResponderClient.h */ = {isa = PBXFileReference; fileEncoding = 4; lastKnownFileType = sourcecode.c.h; name = OEGBASystemResponderClient.h; path = "../OpenEmu/GameBoy Advance/OEGBASystemResponderClient.h"; sourceTree = "<group>"; };
		B5008DAD0E8BFB3E005AECAF /* GBAGameEmu.h */ = {isa = PBXFileReference; fileEncoding = 4; lastKnownFileType = sourcecode.c.h; path = GBAGameEmu.h; sourceTree = "<group>"; };
		B5008DAE0E8BFB3E005AECAF /* GBAGameEmu.mm */ = {isa = PBXFileReference; fileEncoding = 4; lastKnownFileType = sourcecode.cpp.objcpp; path = GBAGameEmu.mm; sourceTree = "<group>"; };
		C63E6C640FCDA565009C8555 /* ControlsPreference.xib */ = {isa = PBXFileReference; lastKnownFileType = file.xib; path = ControlsPreference.xib; sourceTree = "<group>"; };
		C63E6C790FCDA5D6009C8555 /* GBAGameController.h */ = {isa = PBXFileReference; fileEncoding = 4; lastKnownFileType = sourcecode.c.h; path = GBAGameController.h; sourceTree = "<group>"; };
		C63E6C7A0FCDA5D6009C8555 /* GBAGameController.m */ = {isa = PBXFileReference; fileEncoding = 4; lastKnownFileType = sourcecode.c.objc; path = GBAGameController.m; sourceTree = "<group>"; };
		C63E6CCD0FCDABEF009C8555 /* gba.png */ = {isa = PBXFileReference; lastKnownFileType = image.png; path = gba.png; sourceTree = "<group>"; };
		D2F7E65807B2D6F200F64583 /* CoreData.framework */ = {isa = PBXFileReference; lastKnownFileType = wrapper.framework; name = CoreData.framework; path = /System/Library/Frameworks/CoreData.framework; sourceTree = "<absolute>"; };
/* End PBXFileReference section */

/* Begin PBXFrameworksBuildPhase section */
		8D5B49B3048680CD000E48DA /* Frameworks */ = {
			isa = PBXFrameworksBuildPhase;
			buildActionMask = 2147483647;
			files = (
				82EC409F0FD9EC420017FC19 /* libz.dylib in Frameworks */,
				82EA60570F514D8C008E18C5 /* OpenEmuBase.framework in Frameworks */,
				8D5B49B4048680CD000E48DA /* Cocoa.framework in Frameworks */,
			);
			runOnlyForDeploymentPostprocessing = 0;
		};
/* End PBXFrameworksBuildPhase section */

/* Begin PBXGroup section */
		089C166AFE841209C02AAC07 /* VisualBoyAdvance */ = {
			isa = PBXGroup;
			children = (
				82EA60480F514D80008E18C5 /* OpenEmu.xcodeproj */,
				08FB77AFFE84173DC02AAC07 /* Classes */,
				32C88E010371C26100C91783 /* Other Sources */,
				089C167CFE841241C02AAC07 /* Resources */,
				089C1671FE841209C02AAC07 /* Frameworks and Libraries */,
				19C28FB8FE9D52D311CA2CBB /* Products */,
			);
			name = VisualBoyAdvance;
			sourceTree = "<group>";
		};
		089C1671FE841209C02AAC07 /* Frameworks and Libraries */ = {
			isa = PBXGroup;
			children = (
				82EC409E0FD9EC420017FC19 /* libz.dylib */,
				1058C7ACFEA557BF11CA2CBB /* Linked Frameworks */,
				1058C7AEFEA557BF11CA2CBB /* Other Frameworks */,
			);
			name = "Frameworks and Libraries";
			sourceTree = "<group>";
		};
		089C167CFE841241C02AAC07 /* Resources */ = {
			isa = PBXGroup;
			children = (
				82CAFD010FEDD54000CCDC7E /* dsa_pub.pem */,
				8D5B49B7048680CD000E48DA /* Info.plist */,
				089C167DFE841241C02AAC07 /* InfoPlist.strings */,
				3720DB590F19519D00744A9A /* VisualBoyAdvance.icns */,
				C63E6C640FCDA565009C8555 /* ControlsPreference.xib */,
				C63E6CCD0FCDABEF009C8555 /* gba.png */,
			);
			name = Resources;
			sourceTree = "<group>";
		};
		08FB77AFFE84173DC02AAC07 /* Classes */ = {
			isa = PBXGroup;
			children = (
				82EC3FED0FD9EAE90017FC19 /* Core */,
				945A9FAF14D79645005EDA34 /* OEGBASystemResponderClient.h */,
				B5008DAD0E8BFB3E005AECAF /* GBAGameEmu.h */,
				B5008DAE0E8BFB3E005AECAF /* GBAGameEmu.mm */,
				C63E6C790FCDA5D6009C8555 /* GBAGameController.h */,
				C63E6C7A0FCDA5D6009C8555 /* GBAGameController.m */,
			);
			name = Classes;
			sourceTree = "<group>";
		};
		1058C7ACFEA557BF11CA2CBB /* Linked Frameworks */ = {
			isa = PBXGroup;
			children = (
				1058C7ADFEA557BF11CA2CBB /* Cocoa.framework */,
			);
			name = "Linked Frameworks";
			sourceTree = "<group>";
		};
		1058C7AEFEA557BF11CA2CBB /* Other Frameworks */ = {
			isa = PBXGroup;
			children = (
				089C167FFE841241C02AAC07 /* AppKit.framework */,
				D2F7E65807B2D6F200F64583 /* CoreData.framework */,
				089C1672FE841209C02AAC07 /* Foundation.framework */,
			);
			name = "Other Frameworks";
			sourceTree = "<group>";
		};
		19C28FB8FE9D52D311CA2CBB /* Products */ = {
			isa = PBXGroup;
			children = (
				8D5B49B6048680CD000E48DA /* VisualBoyAdvance.oecoreplugin */,
			);
			name = Products;
			sourceTree = "<group>";
		};
		32C88E010371C26100C91783 /* Other Sources */ = {
			isa = PBXGroup;
			children = (
				82CAFD030FEDD54800CCDC7E /* config.yaml */,
				32DBCF630370AF2F00C91783 /* VisualBoyAdvance_Prefix.pch */,
			);
			name = "Other Sources";
			sourceTree = "<group>";
		};
		82EA60490F514D80008E18C5 /* Products */ = {
			isa = PBXGroup;
			children = (
				82EA60510F514D80008E18C5 /* OpenEmu.app */,
				C62A264A116F094C0003DEE4 /* OpenEmuHelperApp */,
				82EA60550F514D80008E18C5 /* OpenEmuBase.framework */,
				C6B9490013651ACD00A425F0 /* OpenEmuSystem.framework */,
				378394E51029257000168304 /* OESaveStateQLPlugin.qlgenerator */,
				C6B9490213651ACD00A425F0 /* SegaMasterSystem.oesystemplugin */,
				C6B9490413651ACD00A425F0 /* NES.oesystemplugin */,
				C6B9490613651ACD00A425F0 /* SuperNES.oesystemplugin */,
				C6B9490813651ACD00A425F0 /* GameBoy.oesystemplugin */,
				C6B9490A13651ACD00A425F0 /* Genesis.oesystemplugin */,
				C646575913771F4F002A4F70 /* GameBoy Advance.oesystemplugin */,
				8390474C14597FE200335E4F /* N64.oesystemplugin */,
				C6B9E3FD14841AC400836111 /* NeoGeo Pocket.oesystemplugin */,
				9410978614C7E93F00539163 /* GameGear.oesystemplugin */,
			);
			name = Products;
			sourceTree = "<group>";
		};
		82EC3FED0FD9EAE90017FC19 /* Core */ = {
			isa = PBXGroup;
			children = (
				9421754914DE7F5400272D60 /* libsnes */,
				9421754D14DE7F5400272D60 /* src */,
				9421758B14DE7F5400272D60 /* utils */,
			);
			path = Core;
			sourceTree = "<group>";
		};
		9421754914DE7F5400272D60 /* libsnes */ = {
			isa = PBXGroup;
			children = (
				9421754A14DE7F5400272D60 /* gbaconv.c */,
				9421754B14DE7F5400272D60 /* libsnes.cpp */,
				9421754C14DE7F5400272D60 /* libsnes.hpp */,
			);
			name = libsnes;
			path = vbanext/libsnes;
			sourceTree = SOURCE_ROOT;
		};
		9421754D14DE7F5400272D60 /* src */ = {
			isa = PBXGroup;
			children = (
				9421754E14DE7F5400272D60 /* apu */,
				9421755614DE7F5400272D60 /* common */,
				9421755D14DE7F5400272D60 /* gb */,
				9421757014DE7F5400272D60 /* gba */,
				9421758614DE7F5400272D60 /* NLS.h */,
				9421758714DE7F5400272D60 /* System.h */,
				9421758814DE7F5400272D60 /* Util.cpp */,
				9421758914DE7F5400272D60 /* Util.h */,
				9421758A14DE7F5400272D60 /* VbaNext.h */,
			);
			name = src;
			path = vbanext/src;
			sourceTree = SOURCE_ROOT;
		};
		9421754E14DE7F5400272D60 /* apu */ = {
			isa = PBXGroup;
			children = (
				9421754F14DE7F5400272D60 /* blargg_common.h */,
				9421755014DE7F5400272D60 /* Gb_Apu.h */,
				9421755114DE7F5400272D60 /* Gb_Apu_.h */,
				9421755214DE7F5400272D60 /* Gb_Oscs.h */,
				9421755314DE7F5400272D60 /* Gb_Oscs_.h */,
				9421755414DE7F5400272D60 /* Sound_Buffer.cpp */,
				9421755514DE7F5400272D60 /* Sound_Buffer.h */,
			);
			path = apu;
			sourceTree = "<group>";
		};
		9421755614DE7F5400272D60 /* common */ = {
			isa = PBXGroup;
			children = (
				9421755714DE7F5400272D60 /* memgzio.c */,
				9421755814DE7F5400272D60 /* memgzio.h */,
				9421755914DE7F5400272D60 /* Patch.cpp */,
				9421755A14DE7F5400272D60 /* Patch.h */,
				9421755B14DE7F5400272D60 /* Port.h */,
				9421755C14DE7F5400272D60 /* Types.h */,
			);
			path = common;
			sourceTree = "<group>";
		};
		9421755D14DE7F5400272D60 /* gb */ = {
			isa = PBXGroup;
			children = (
				9421755E14DE7F5400272D60 /* GB.cpp */,
				9421755F14DE7F5400272D60 /* gb.h */,
				9421756014DE7F5400272D60 /* gbCheats.cpp */,
				9421756114DE7F5400272D60 /* gbCheats.h */,
				9421756214DE7F5400272D60 /* gbCodes.h */,
				9421756314DE7F5400272D60 /* gbCodesCB.h */,
				9421756414DE7F5400272D60 /* gbDis.cpp */,
				9421756514DE7F5400272D60 /* gbGfx.cpp */,
				9421756614DE7F5400272D60 /* gbGlobals.cpp */,
				9421756714DE7F5400272D60 /* gbGlobals.h */,
				9421756814DE7F5400272D60 /* gbMemory.cpp */,
				9421756914DE7F5400272D60 /* gbMemory.h */,
				9421756A14DE7F5400272D60 /* gbPrinter.cpp */,
				9421756B14DE7F5400272D60 /* gbPrinter.h */,
				9421756C14DE7F5400272D60 /* gbSGB.cpp */,
				9421756D14DE7F5400272D60 /* gbSGB.h */,
				9421756E14DE7F5400272D60 /* gbSound.cpp */,
				9421756F14DE7F5400272D60 /* gbSound.h */,
			);
			path = gb;
			sourceTree = "<group>";
		};
		9421757014DE7F5400272D60 /* gba */ = {
			isa = PBXGroup;
			children = (
				9421757114DE7F5400272D60 /* bios_.h */,
				9421757214DE7F5400272D60 /* Cheats.cpp */,
				9421757314DE7F5400272D60 /* Cheats.h */,
				9421757414DE7F5400272D60 /* EEprom.cpp */,
				9421757514DE7F5400272D60 /* EEprom.h */,
				9421757614DE7F5400272D60 /* Flash.cpp */,
				9421757714DE7F5400272D60 /* Flash.h */,
				9421757814DE7F5400272D60 /* GBA-arm_.h */,
				9421757914DE7F5400272D60 /* GBA-thumb_.h */,
				9421757A14DE7F5400272D60 /* GBA.cpp */,
				9421757B14DE7F5400272D60 /* GBA.h */,
				9421757C14DE7F5400272D60 /* GBAcpu.h */,
				9421757D14DE7F5400272D60 /* GBAGfx.h */,
				9421757E14DE7F5400272D60 /* GBAinline.h */,
				9421757F14DE7F5400272D60 /* Globals.h */,
				9421758014DE7F5400272D60 /* RTC.cpp */,
				9421758114DE7F5400272D60 /* RTC.h */,
				9421758214DE7F5400272D60 /* Sound.cpp */,
				9421758314DE7F5400272D60 /* Sound.h */,
				9421758414DE7F5400272D60 /* Sram.cpp */,
				9421758514DE7F5400272D60 /* Sram.h */,
			);
			path = gba;
			sourceTree = "<group>";
		};
		9421758B14DE7F5400272D60 /* utils */ = {
			isa = PBXGroup;
			children = (
				9421758C14DE7F5400272D60 /* zlib */,
			);
			name = utils;
			path = vbanext/utils;
			sourceTree = SOURCE_ROOT;
		};
		9421758C14DE7F5400272D60 /* zlib */ = {
			isa = PBXGroup;
			children = (
				9421758D14DE7F5400272D60 /* adler32.c */,
				9421758E14DE7F5400272D60 /* compress.c */,
				9421758F14DE7F5400272D60 /* crc32.c */,
				9421759014DE7F5400272D60 /* crc32.h */,
				9421759114DE7F5400272D60 /* deflate.c */,
				9421759214DE7F5400272D60 /* deflate.h */,
				9421759314DE7F5400272D60 /* gzclose.c */,
				9421759414DE7F5400272D60 /* gzguts.h */,
				9421759514DE7F5400272D60 /* gzlib.c */,
				9421759614DE7F5400272D60 /* gzread.c */,
				9421759714DE7F5400272D60 /* gzwrite.c */,
				9421759814DE7F5400272D60 /* infback.c */,
				9421759914DE7F5400272D60 /* inffast.c */,
				9421759A14DE7F5400272D60 /* inffast.h */,
				9421759B14DE7F5400272D60 /* inffixed.h */,
				9421759C14DE7F5400272D60 /* inflate.c */,
				9421759D14DE7F5400272D60 /* inflate.h */,
				9421759E14DE7F5400272D60 /* inftrees.c */,
				9421759F14DE7F5400272D60 /* inftrees.h */,
				942175A014DE7F5400272D60 /* readme.txt */,
				942175A114DE7F5400272D60 /* trees.c */,
				942175A214DE7F5400272D60 /* trees.h */,
				942175A314DE7F5400272D60 /* uncompr.c */,
				942175A414DE7F5400272D60 /* zconf.h */,
				942175A514DE7F5400272D60 /* zlib.h */,
				942175A614DE7F5400272D60 /* zlib.txt */,
				942175A714DE7F5400272D60 /* zutil.c */,
				942175A814DE7F5400272D60 /* zutil.h */,
			);
			path = zlib;
			sourceTree = "<group>";
		};
/* End PBXGroup section */

/* Begin PBXNativeTarget section */
		8D5B49AC048680CD000E48DA /* VisualBoyAdvance */ = {
			isa = PBXNativeTarget;
			buildConfigurationList = 1DEB913A08733D840010E9CD /* Build configuration list for PBXNativeTarget "VisualBoyAdvance" */;
			buildPhases = (
				8D5B49AF048680CD000E48DA /* Resources */,
				8D5B49B1048680CD000E48DA /* Sources */,
				8D5B49B3048680CD000E48DA /* Frameworks */,
			);
			buildRules = (
			);
			dependencies = (
				C6E916870FD34D5800AC2CCC /* PBXTargetDependency */,
			);
			name = VisualBoyAdvance;
			productInstallPath = "$(HOME)/Library/Bundles";
			productName = VisualBoyAdvance;
			productReference = 8D5B49B6048680CD000E48DA /* VisualBoyAdvance.oecoreplugin */;
			productType = "com.apple.product-type.bundle";
		};
/* End PBXNativeTarget section */

/* Begin PBXProject section */
		089C1669FE841209C02AAC07 /* Project object */ = {
			isa = PBXProject;
			attributes = {
				BuildIndependentTargetsInParallel = YES;
				LastUpgradeCheck = 0420;
			};
			buildConfigurationList = 1DEB913E08733D840010E9CD /* Build configuration list for PBXProject "VisualBoyAdvance" */;
			compatibilityVersion = "Xcode 3.2";
			developmentRegion = English;
			hasScannedForEncodings = 1;
			knownRegions = (
				en,
			);
			mainGroup = 089C166AFE841209C02AAC07 /* VisualBoyAdvance */;
			projectDirPath = "";
			projectReferences = (
				{
					ProductGroup = 82EA60490F514D80008E18C5 /* Products */;
					ProjectRef = 82EA60480F514D80008E18C5 /* OpenEmu.xcodeproj */;
				},
			);
			projectRoot = "";
			targets = (
				8D5B49AC048680CD000E48DA /* VisualBoyAdvance */,
				82D815AB0F1D882B00EF8CF5 /* Build & Install VisualBoyAdvance */,
				82CAFD070FEDD57400CCDC7E /* Distribution */,
			);
		};
/* End PBXProject section */

/* Begin PBXReferenceProxy section */
		378394E51029257000168304 /* OESaveStateQLPlugin.qlgenerator */ = {
			isa = PBXReferenceProxy;
			fileType = wrapper.cfbundle;
			path = OESaveStateQLPlugin.qlgenerator;
			remoteRef = 378394E41029257000168304 /* PBXContainerItemProxy */;
			sourceTree = BUILT_PRODUCTS_DIR;
		};
		82EA60510F514D80008E18C5 /* OpenEmu.app */ = {
			isa = PBXReferenceProxy;
			fileType = wrapper.application;
			path = OpenEmu.app;
			remoteRef = 82EA60500F514D80008E18C5 /* PBXContainerItemProxy */;
			sourceTree = BUILT_PRODUCTS_DIR;
		};
		82EA60550F514D80008E18C5 /* OpenEmuBase.framework */ = {
			isa = PBXReferenceProxy;
			fileType = wrapper.framework;
			path = OpenEmuBase.framework;
			remoteRef = 82EA60540F514D80008E18C5 /* PBXContainerItemProxy */;
			sourceTree = BUILT_PRODUCTS_DIR;
		};
		8390474C14597FE200335E4F /* N64.oesystemplugin */ = {
			isa = PBXReferenceProxy;
			fileType = wrapper.cfbundle;
			path = N64.oesystemplugin;
			remoteRef = 8390474B14597FE200335E4F /* PBXContainerItemProxy */;
			sourceTree = BUILT_PRODUCTS_DIR;
		};
		9410978614C7E93F00539163 /* GameGear.oesystemplugin */ = {
			isa = PBXReferenceProxy;
			fileType = wrapper.cfbundle;
			path = GameGear.oesystemplugin;
			remoteRef = 9410978514C7E93F00539163 /* PBXContainerItemProxy */;
			sourceTree = BUILT_PRODUCTS_DIR;
		};
		C62A264A116F094C0003DEE4 /* OpenEmuHelperApp */ = {
			isa = PBXReferenceProxy;
			fileType = "compiled.mach-o.executable";
			path = OpenEmuHelperApp;
			remoteRef = C62A2649116F094C0003DEE4 /* PBXContainerItemProxy */;
			sourceTree = BUILT_PRODUCTS_DIR;
		};
		C646575913771F4F002A4F70 /* GameBoy Advance.oesystemplugin */ = {
			isa = PBXReferenceProxy;
			fileType = wrapper.cfbundle;
			path = "GameBoy Advance.oesystemplugin";
			remoteRef = C646575813771F4F002A4F70 /* PBXContainerItemProxy */;
			sourceTree = BUILT_PRODUCTS_DIR;
		};
		C6B9490013651ACD00A425F0 /* OpenEmuSystem.framework */ = {
			isa = PBXReferenceProxy;
			fileType = wrapper.framework;
			path = OpenEmuSystem.framework;
			remoteRef = C6B948FF13651ACD00A425F0 /* PBXContainerItemProxy */;
			sourceTree = BUILT_PRODUCTS_DIR;
		};
		C6B9490213651ACD00A425F0 /* SegaMasterSystem.oesystemplugin */ = {
			isa = PBXReferenceProxy;
			fileType = wrapper.cfbundle;
			path = SegaMasterSystem.oesystemplugin;
			remoteRef = C6B9490113651ACD00A425F0 /* PBXContainerItemProxy */;
			sourceTree = BUILT_PRODUCTS_DIR;
		};
		C6B9490413651ACD00A425F0 /* NES.oesystemplugin */ = {
			isa = PBXReferenceProxy;
			fileType = wrapper.cfbundle;
			path = NES.oesystemplugin;
			remoteRef = C6B9490313651ACD00A425F0 /* PBXContainerItemProxy */;
			sourceTree = BUILT_PRODUCTS_DIR;
		};
		C6B9490613651ACD00A425F0 /* SuperNES.oesystemplugin */ = {
			isa = PBXReferenceProxy;
			fileType = wrapper.cfbundle;
			path = SuperNES.oesystemplugin;
			remoteRef = C6B9490513651ACD00A425F0 /* PBXContainerItemProxy */;
			sourceTree = BUILT_PRODUCTS_DIR;
		};
		C6B9490813651ACD00A425F0 /* GameBoy.oesystemplugin */ = {
			isa = PBXReferenceProxy;
			fileType = wrapper.cfbundle;
			path = GameBoy.oesystemplugin;
			remoteRef = C6B9490713651ACD00A425F0 /* PBXContainerItemProxy */;
			sourceTree = BUILT_PRODUCTS_DIR;
		};
		C6B9490A13651ACD00A425F0 /* Genesis.oesystemplugin */ = {
			isa = PBXReferenceProxy;
			fileType = wrapper.cfbundle;
			path = Genesis.oesystemplugin;
			remoteRef = C6B9490913651ACD00A425F0 /* PBXContainerItemProxy */;
			sourceTree = BUILT_PRODUCTS_DIR;
		};
		C6B9E3FD14841AC400836111 /* NeoGeo Pocket.oesystemplugin */ = {
			isa = PBXReferenceProxy;
			fileType = wrapper.cfbundle;
			path = "NeoGeo Pocket.oesystemplugin";
			remoteRef = C6B9E3FC14841AC400836111 /* PBXContainerItemProxy */;
			sourceTree = BUILT_PRODUCTS_DIR;
		};
/* End PBXReferenceProxy section */

/* Begin PBXResourcesBuildPhase section */
		8D5B49AF048680CD000E48DA /* Resources */ = {
			isa = PBXResourcesBuildPhase;
			buildActionMask = 2147483647;
			files = (
				8D5B49B0048680CD000E48DA /* InfoPlist.strings in Resources */,
				3720DB5A0F19519D00744A9A /* VisualBoyAdvance.icns in Resources */,
				C63E6CCE0FCDABEF009C8555 /* gba.png in Resources */,
				C6C71E4A0FCDE25F002FAC4D /* ControlsPreference.xib in Resources */,
				82CAFD020FEDD54000CCDC7E /* dsa_pub.pem in Resources */,
				942175CB14DE7F5400272D60 /* readme.txt in Resources */,
				942175CE14DE7F5400272D60 /* zlib.txt in Resources */,
			);
			runOnlyForDeploymentPostprocessing = 0;
		};
/* End PBXResourcesBuildPhase section */

/* Begin PBXShellScriptBuildPhase section */
		82CAFD060FEDD57400CCDC7E /* ShellScript */ = {
			isa = PBXShellScriptBuildPhase;
			buildActionMask = 2147483647;
			files = (
			);
			inputPaths = (
			);
			outputPaths = (
			);
			runOnlyForDeploymentPostprocessing = 0;
			shellPath = /bin/sh;
			shellScript = /usr/bin/openemu_rb_automation.rb;
		};
		82D815AA0F1D882B00EF8CF5 /* ShellScript */ = {
			isa = PBXShellScriptBuildPhase;
			buildActionMask = 2147483647;
			files = (
			);
			inputPaths = (
			);
			outputPaths = (
			);
			runOnlyForDeploymentPostprocessing = 0;
			shellPath = /bin/sh;
			shellScript = "mkdir -p \"$USER_LIBRARY_DIR/Application Support/OpenEmu/Cores\"\nrm -rf \"$USER_LIBRARY_DIR/Application Support/OpenEmu/Cores/$PROJECT_NAME.oecoreplugin\"{,.dSYM}\ncp -rf \"$BUILT_PRODUCTS_DIR/$PROJECT_NAME.oecoreplugin\"{,.dSYM} \"$USER_LIBRARY_DIR/Application Support/OpenEmu/Cores/\"\n";
		};
/* End PBXShellScriptBuildPhase section */

/* Begin PBXSourcesBuildPhase section */
		8D5B49B1048680CD000E48DA /* Sources */ = {
			isa = PBXSourcesBuildPhase;
			buildActionMask = 2147483647;
			files = (
				82EC40A30FD9EC5A0017FC19 /* GBAGameEmu.mm in Sources */,
				82EC40A40FD9EC5D0017FC19 /* GBAGameController.m in Sources */,
				942175A914DE7F5400272D60 /* gbaconv.c in Sources */,
				942175AA14DE7F5400272D60 /* libsnes.cpp in Sources */,
				942175AB14DE7F5400272D60 /* Sound_Buffer.cpp in Sources */,
				942175AC14DE7F5400272D60 /* memgzio.c in Sources */,
				942175AD14DE7F5400272D60 /* Patch.cpp in Sources */,
				942175AE14DE7F5400272D60 /* GB.cpp in Sources */,
				942175AF14DE7F5400272D60 /* gbCheats.cpp in Sources */,
				942175B014DE7F5400272D60 /* gbDis.cpp in Sources */,
				942175B114DE7F5400272D60 /* gbGfx.cpp in Sources */,
				942175B214DE7F5400272D60 /* gbGlobals.cpp in Sources */,
				942175B314DE7F5400272D60 /* gbMemory.cpp in Sources */,
				942175B414DE7F5400272D60 /* gbPrinter.cpp in Sources */,
				942175B514DE7F5400272D60 /* gbSGB.cpp in Sources */,
				942175B614DE7F5400272D60 /* gbSound.cpp in Sources */,
				942175B714DE7F5400272D60 /* Cheats.cpp in Sources */,
				942175B814DE7F5400272D60 /* EEprom.cpp in Sources */,
				942175B914DE7F5400272D60 /* Flash.cpp in Sources */,
				942175BA14DE7F5400272D60 /* GBA.cpp in Sources */,
				942175BB14DE7F5400272D60 /* RTC.cpp in Sources */,
				942175BC14DE7F5400272D60 /* Sound.cpp in Sources */,
				942175BD14DE7F5400272D60 /* Sram.cpp in Sources */,
				942175BE14DE7F5400272D60 /* Util.cpp in Sources */,
				942175BF14DE7F5400272D60 /* adler32.c in Sources */,
				942175C014DE7F5400272D60 /* compress.c in Sources */,
				942175C114DE7F5400272D60 /* crc32.c in Sources */,
				942175C214DE7F5400272D60 /* deflate.c in Sources */,
				942175C314DE7F5400272D60 /* gzclose.c in Sources */,
				942175C414DE7F5400272D60 /* gzlib.c in Sources */,
				942175C514DE7F5400272D60 /* gzread.c in Sources */,
				942175C614DE7F5400272D60 /* gzwrite.c in Sources */,
				942175C714DE7F5400272D60 /* infback.c in Sources */,
				942175C814DE7F5400272D60 /* inffast.c in Sources */,
				942175C914DE7F5400272D60 /* inflate.c in Sources */,
				942175CA14DE7F5400272D60 /* inftrees.c in Sources */,
				942175CC14DE7F5400272D60 /* trees.c in Sources */,
				942175CD14DE7F5400272D60 /* uncompr.c in Sources */,
				942175CF14DE7F5400272D60 /* zutil.c in Sources */,
			);
			runOnlyForDeploymentPostprocessing = 0;
		};
/* End PBXSourcesBuildPhase section */

/* Begin PBXTargetDependency section */
		82CAFD0B0FEDD57B00CCDC7E /* PBXTargetDependency */ = {
			isa = PBXTargetDependency;
			target = 8D5B49AC048680CD000E48DA /* VisualBoyAdvance */;
			targetProxy = 82CAFD0A0FEDD57B00CCDC7E /* PBXContainerItemProxy */;
		};
		82D815AF0F1D883500EF8CF5 /* PBXTargetDependency */ = {
			isa = PBXTargetDependency;
			target = 8D5B49AC048680CD000E48DA /* VisualBoyAdvance */;
			targetProxy = 82D815AE0F1D883500EF8CF5 /* PBXContainerItemProxy */;
		};
		C6E916870FD34D5800AC2CCC /* PBXTargetDependency */ = {
			isa = PBXTargetDependency;
			name = OpenEmuBase;
			targetProxy = C6E916860FD34D5800AC2CCC /* PBXContainerItemProxy */;
		};
/* End PBXTargetDependency section */

/* Begin PBXVariantGroup section */
		089C167DFE841241C02AAC07 /* InfoPlist.strings */ = {
			isa = PBXVariantGroup;
			children = (
				089C167EFE841241C02AAC07 /* English */,
			);
			name = InfoPlist.strings;
			sourceTree = "<group>";
		};
/* End PBXVariantGroup section */

/* Begin XCBuildConfiguration section */
		1DEB913B08733D840010E9CD /* Debug */ = {
			isa = XCBuildConfiguration;
			buildSettings = {
				ALWAYS_SEARCH_USER_PATHS = NO;
				EXPORTED_SYMBOLS_FILE = "";
				GCC_PRECOMPILE_PREFIX_HEADER = YES;
				GCC_PREFIX_HEADER = VisualBoyAdvance_Prefix.pch;
				HEADER_SEARCH_PATHS = "\"$(SRCROOT)/../OpenEmu\"/**";
				INFOPLIST_FILE = Info.plist;
				INSTALL_PATH = "$(HOME)/Library/Bundles";
				LD_RUNPATH_SEARCH_PATHS = "\"/Library/Graphics/Quartz Composer Plug-Ins/OpenEmuQC.plugin/Contents/Frameworks/\" \"~/Library/Graphics/Quartz Composer Plug-Ins/OpenEmuQC.plugin/Contents/Frameworks/\" ~/Library/Frameworks /Library/Frameworks @loader_path/../Frameworks";
				LIBRARY_SEARCH_PATHS = (
					"$(inherited)",
					"\"$(SRCROOT)/vbanextcore\"",
				);
				OTHER_CFLAGS = (
					"-fPIC",
					"-D__LIBSNES__",
					"-DLSB_FIRST",
					"-DHAVE_STDINT_H",
					"-DHAVE_INTTYPES_H",
					"-DSPEEDHAX",
					"-DINLINE=inline",
					"-I./utils/zlib",
					"-I./src",
				);
				PRODUCT_NAME = VisualBoyAdvance;
				VALID_ARCHS = x86_64;
				WRAPPER_EXTENSION = oecoreplugin;
			};
			name = Debug;
		};
		1DEB913C08733D840010E9CD /* Release */ = {
			isa = XCBuildConfiguration;
			buildSettings = {
				ALWAYS_SEARCH_USER_PATHS = NO;
				EXPORTED_SYMBOLS_FILE = "";
				GCC_PRECOMPILE_PREFIX_HEADER = YES;
				GCC_PREFIX_HEADER = VisualBoyAdvance_Prefix.pch;
				HEADER_SEARCH_PATHS = "\"$(SRCROOT)/../OpenEmu\"/**";
				INFOPLIST_FILE = Info.plist;
				INSTALL_PATH = "$(HOME)/Library/Bundles";
				LD_RUNPATH_SEARCH_PATHS = "\"/Library/Graphics/Quartz Composer Plug-Ins/OpenEmuQC.plugin/Contents/Frameworks/\" \"~/Library/Graphics/Quartz Composer Plug-Ins/OpenEmuQC.plugin/Contents/Frameworks/\" ~/Library/Frameworks /Library/Frameworks @loader_path/../Frameworks";
				LIBRARY_SEARCH_PATHS = (
					"$(inherited)",
					"\"$(SRCROOT)/vbanextcore\"",
				);
				OTHER_CFLAGS = (
					"-fPIC",
					"-D__LIBSNES__",
					"-DLSB_FIRST",
					"-DHAVE_STDINT_H",
					"-DHAVE_INTTYPES_H",
					"-DSPEEDHAX",
					"-DINLINE=inline",
					"-I./utils/zlib",
					"-I./src",
				);
				PRODUCT_NAME = VisualBoyAdvance;
				VALID_ARCHS = x86_64;
				WRAPPER_EXTENSION = oecoreplugin;
			};
			name = Release;
		};
		1DEB913F08733D840010E9CD /* Debug */ = {
			isa = XCBuildConfiguration;
			buildSettings = {
				ARCHS = "$(ARCHS_STANDARD_64_BIT)";
				CLANG_ENABLE_OBJC_EXPERIMENTAL = YES;
				DEBUG_INFORMATION_FORMAT = "dwarf-with-dsym";
				GCC_C_LANGUAGE_STANDARD = c99;
				GCC_GENERATE_DEBUGGING_SYMBOLS = YES;
				GCC_INCREASE_PRECOMPILED_HEADER_SHARING = YES;
				GCC_OPTIMIZATION_LEVEL = 0;
				GCC_VERSION = com.apple.compilers.llvm.clang.1_0;
				GCC_WARN_ABOUT_RETURN_TYPE = YES;
				GCC_WARN_UNUSED_VARIABLE = YES;
				HEADER_SEARCH_PATHS = "$(SRCROOT)/../OpenEmu";
				MACOSX_DEPLOYMENT_TARGET = 10.6;
				ONLY_ACTIVE_ARCH = YES;
				SDKROOT = macosx;
				VALID_ARCHS = x86_64;
			};
			name = Debug;
		};
		1DEB914008733D840010E9CD /* Release */ = {
			isa = XCBuildConfiguration;
			buildSettings = {
				ARCHS = "$(ARCHS_STANDARD_64_BIT)";
				CLANG_ENABLE_OBJC_EXPERIMENTAL = YES;
				DEAD_CODE_STRIPPING = YES;
				DEBUG_INFORMATION_FORMAT = "dwarf-with-dsym";
				GCC_C_LANGUAGE_STANDARD = c99;
				GCC_GENERATE_DEBUGGING_SYMBOLS = YES;
				GCC_INCREASE_PRECOMPILED_HEADER_SHARING = YES;
				GCC_OPTIMIZATION_LEVEL = 3;
				GCC_VERSION = com.apple.compilers.llvm.clang.1_0;
				GCC_WARN_ABOUT_RETURN_TYPE = YES;
				GCC_WARN_UNUSED_VARIABLE = YES;
				HEADER_SEARCH_PATHS = "$(SRCROOT)/../OpenEmu";
				MACOSX_DEPLOYMENT_TARGET = 10.6;
				SDKROOT = macosx;
				VALID_ARCHS = x86_64;
			};
			name = Release;
		};
		82CAFD080FEDD57400CCDC7E /* Debug */ = {
			isa = XCBuildConfiguration;
			buildSettings = {
				PRODUCT_NAME = Distribution;
			};
			name = Debug;
		};
		82CAFD090FEDD57400CCDC7E /* Release */ = {
			isa = XCBuildConfiguration;
			buildSettings = {
				PRODUCT_NAME = Distribution;
			};
			name = Release;
		};
		82D815AC0F1D882C00EF8CF5 /* Debug */ = {
			isa = XCBuildConfiguration;
			buildSettings = {
				PRODUCT_NAME = "Build & Install";
			};
			name = Debug;
		};
		82D815AD0F1D882C00EF8CF5 /* Release */ = {
			isa = XCBuildConfiguration;
			buildSettings = {
				PRODUCT_NAME = "Build & Install";
			};
			name = Release;
		};
/* End XCBuildConfiguration section */

/* Begin XCConfigurationList section */
		1DEB913A08733D840010E9CD /* Build configuration list for PBXNativeTarget "VisualBoyAdvance" */ = {
			isa = XCConfigurationList;
			buildConfigurations = (
				1DEB913B08733D840010E9CD /* Debug */,
				1DEB913C08733D840010E9CD /* Release */,
			);
			defaultConfigurationIsVisible = 0;
			defaultConfigurationName = Release;
		};
		1DEB913E08733D840010E9CD /* Build configuration list for PBXProject "VisualBoyAdvance" */ = {
			isa = XCConfigurationList;
			buildConfigurations = (
				1DEB913F08733D840010E9CD /* Debug */,
				1DEB914008733D840010E9CD /* Release */,
			);
			defaultConfigurationIsVisible = 0;
			defaultConfigurationName = Release;
		};
		82CAFD170FEDD58500CCDC7E /* Build configuration list for PBXAggregateTarget "Distribution" */ = {
			isa = XCConfigurationList;
			buildConfigurations = (
				82CAFD080FEDD57400CCDC7E /* Debug */,
				82CAFD090FEDD57400CCDC7E /* Release */,
			);
			defaultConfigurationIsVisible = 0;
			defaultConfigurationName = Release;
		};
		82D815B90F1D883D00EF8CF5 /* Build configuration list for PBXAggregateTarget "Build & Install VisualBoyAdvance" */ = {
			isa = XCConfigurationList;
			buildConfigurations = (
				82D815AC0F1D882C00EF8CF5 /* Debug */,
				82D815AD0F1D882C00EF8CF5 /* Release */,
			);
			defaultConfigurationIsVisible = 0;
			defaultConfigurationName = Release;
		};
/* End XCConfigurationList section */
	};
	rootObject = 089C1669FE841209C02AAC07 /* Project object */;
}
